speakeasyVersion: 1.468.7
sources:
    openapi:
        sourceNamespace: openapi
        sourceRevisionDigest: sha256:45414ba942005f7162aebcc07cb723bbb35b5fb1573abdfe74f61648de6f7e67
        sourceBlobDigest: sha256:b441cbd1d31793b4f06bba3af1102f95474fdc973c406197d78b3aa430b5f37d
        tags:
            - latest
    testgendemo:
        sourceNamespace: testgendemo
        sourceRevisionDigest: sha256:5c6e455597c17dff75b6a5bd563c16d6b977f847151f2e1510dddb57784c0537
        sourceBlobDigest: sha256:22b7c1c516ca53720bf507982e8bc1ecaf87a9f39049a3add2679c218daed60f
        tags:
            - latest
            - 0.1.0
targets:
    go:
        source: testgendemo
        sourceNamespace: testgendemo
        sourceRevisionDigest: sha256:5c6e455597c17dff75b6a5bd563c16d6b977f847151f2e1510dddb57784c0537
        sourceBlobDigest: sha256:22b7c1c516ca53720bf507982e8bc1ecaf87a9f39049a3add2679c218daed60f
        codeSamplesNamespace: testgendemo-go-code-samples
        codeSamplesRevisionDigest: sha256:8c50e9068d330d5c6ac52a816fe72251045fb80aaae6cd2c31abf2a77bca3d73
    python:
        source: testgendemo
        sourceNamespace: testgendemo
        sourceRevisionDigest: sha256:a6a8c0c8fe1470ab799a10b9bacc849008cd76d25c59ae24ae067119713c9763
        sourceBlobDigest: sha256:22b7c1c516ca53720bf507982e8bc1ecaf87a9f39049a3add2679c218daed60f
        codeSamplesNamespace: testgendemo-python-code-samples
        codeSamplesRevisionDigest: sha256:1219844a213edd63c1a3ca01d15d5753016abcf0551f3a8b2aa9a3136a181bdb
    typescript:
        source: testgendemo
        sourceNamespace: testgendemo
        sourceRevisionDigest: sha256:f1cf0e17b2060f27f6ce79c803764074a8759ab6d3286a27dac62cd513b9eefa
        sourceBlobDigest: sha256:22b7c1c516ca53720bf507982e8bc1ecaf87a9f39049a3add2679c218daed60f
        codeSamplesNamespace: testgendemo-typescript-code-samples
        codeSamplesRevisionDigest: sha256:da2cd96fdaa1751d82850ffa0c486f32d165f5d7f88de8a908475ace01c00835
workflow:
    workflowVersion: 1.0.0
    speakeasyVersion: latest
    sources:
        testgendemo:
            inputs:
                - location: ./openapi.yaml
            registry:
                location: registry.speakeasyapi.dev/speakeasy-self/speakeasy-self/testgendemo
    targets:
        go:
            target: go
            source: testgendemo
            output: ./go
            codeSamples:
                registry:
                    location: registry.speakeasyapi.dev/speakeasy-self/speakeasy-self/testgendemo-go-code-samples
                blocking: false
            testing:
                enabled: false
        python:
            target: python
            source: testgendemo
            output: ./python
            codeSamples:
                registry:
                    location: registry.speakeasyapi.dev/speakeasy-self/speakeasy-self/testgendemo-python-code-samples
                blocking: false
            testing:
                enabled: false
        typescript:
            target: typescript
            source: testgendemo
            output: ./typescript
            codeSamples:
                registry:
                    location: registry.speakeasyapi.dev/speakeasy-self/speakeasy-self/testgendemo-typescript-code-samples
                blocking: false
            testing:
                enabled: false
