speakeasyVersion: 1.456.0
sources:
    openapi:
        sourceNamespace: openapi
        sourceRevisionDigest: sha256:45414ba942005f7162aebcc07cb723bbb35b5fb1573abdfe74f61648de6f7e67
        sourceBlobDigest: sha256:b441cbd1d31793b4f06bba3af1102f95474fdc973c406197d78b3aa430b5f37d
        tags:
            - latest
    testgendemo:
        sourceNamespace: testgendemo
        sourceRevisionDigest: sha256:966ff0db3e93cda0d85ea6931b0376f04bff3e1e7b6366729269684eb02743c9
        sourceBlobDigest: sha256:9ff57266ac14396c27d77a9dbd4350a5a750f7c98ac5fae1eb8a77d0d64724d4
        tags:
            - latest
            - 0.1.0
targets:
    go:
        source: testgendemo
        sourceNamespace: testgendemo
        sourceRevisionDigest: sha256:966ff0db3e93cda0d85ea6931b0376f04bff3e1e7b6366729269684eb02743c9
        sourceBlobDigest: sha256:9ff57266ac14396c27d77a9dbd4350a5a750f7c98ac5fae1eb8a77d0d64724d4
        codeSamplesNamespace: testgendemo-go-code-samples
        codeSamplesRevisionDigest: sha256:2cb90f8dfb0d12b056edf50a1851150d5a3215da8da5dc3cc7f17f9e5d198948
    python:
        source: testgendemo
        sourceNamespace: testgendemo
        sourceRevisionDigest: sha256:dcd375931cd44420a93dc6299ca89f61e29631f4d7ea78b816f1b7ffbf1ea76f
        sourceBlobDigest: sha256:9ff57266ac14396c27d77a9dbd4350a5a750f7c98ac5fae1eb8a77d0d64724d4
        codeSamplesNamespace: testgendemo-python-code-samples
        codeSamplesRevisionDigest: sha256:e210646630d018e91c4d0097f886a9f13ce21b1e3d6d2c66beafae797236e50a
    typescript:
        source: testgendemo
        sourceNamespace: testgendemo
        sourceRevisionDigest: sha256:7bf2b128b2d87c93818c6d93916cf891e62ffea02f0b98d59616b94d07c737ee
        sourceBlobDigest: sha256:9ff57266ac14396c27d77a9dbd4350a5a750f7c98ac5fae1eb8a77d0d64724d4
        codeSamplesNamespace: testgendemo-typescript-code-samples
        codeSamplesRevisionDigest: sha256:1c6aae72996bcb945008388cb6076d90c7e8553ec1e14955daca9517d397e5d8
workflow:
    workflowVersion: 1.0.0
    speakeasyVersion: latest
    sources:
        testgendemo:
            inputs:
                - location: ./openapi.yaml
            registry:
                location: registry.speakeasyapi.dev/speakeasy-self/speakeasy-self/testgendemo
    targets:
        go:
            target: go
            source: testgendemo
            output: ./go
            codeSamples:
                registry:
                    location: registry.speakeasyapi.dev/speakeasy-self/speakeasy-self/testgendemo-go-code-samples
                blocking: false
            testing:
                enabled: false
        python:
            target: python
            source: testgendemo
            output: ./python
            codeSamples:
                registry:
                    location: registry.speakeasyapi.dev/speakeasy-self/speakeasy-self/testgendemo-python-code-samples
                blocking: false
            testing:
                enabled: false
        typescript:
            target: typescript
            source: testgendemo
            output: ./typescript
            codeSamples:
                registry:
                    location: registry.speakeasyapi.dev/speakeasy-self/speakeasy-self/testgendemo-typescript-code-samples
                blocking: false
            testing:
                enabled: false
