lockVersion: 2.0.0
id: b2b2c7b3-00e1-4647-934c-04d2d0f199fd
management:
  docChecksum: def1f0d909c096c95373cc3d374cd5ac
  docVersion: 0.1.0
  speakeasyVersion: 1.456.0
  generationVersion: 2.481.0
  releaseVersion: 0.22.1
  configChecksum: 94c9c3baa078a4c20b606ff5d28366a2
features:
  python:
    additionalDependencies: 1.0.0
    core: 5.7.4
    defaultEnabledRetries: 0.2.0
    enumUnions: 0.1.0
    envVarSecurityUsage: 0.3.2
    flattening: 3.1.0
    globalSecurity: 3.0.2
    globalSecurityCallbacks: 1.0.0
    globalSecurityFlattening: 1.0.0
    globalServerURLs: 3.1.0
    methodArguments: 1.0.2
    nameOverrides: 3.0.0
    responseFormat: 1.0.1
    retries: 3.0.2
    sdkHooks: 1.0.0
generatedFiles:
  - .gitattributes
  - .python-version
  - .vscode/settings.json
  - CONTRIBUTING.md
  - USAGE.md
  - docs/models/address.md
  - docs/models/createdrinkrequest.md
  - docs/models/createdrinkresponsebody.md
  - docs/models/createuserresponsebody.md
  - docs/models/deleteuserrequest.md
  - docs/models/drink.md
  - docs/models/gender.md
  - docs/models/getuserrequest.md
  - docs/models/security.md
  - docs/models/type.md
  - docs/models/updateuserrequest.md
  - docs/models/user.md
  - docs/models/utils/retryconfig.md
  - docs/sdks/drinks/README.md
  - docs/sdks/sdk/README.md
  - docs/sdks/users/README.md
  - poetry.toml
  - py.typed
  - pylintrc
  - pyproject.toml
  - scripts/prepare-readme.py
  - scripts/publish.sh
  - src/openapi/__init__.py
  - src/openapi/_hooks/__init__.py
  - src/openapi/_hooks/sdkhooks.py
  - src/openapi/_hooks/types.py
  - src/openapi/_version.py
  - src/openapi/basesdk.py
  - src/openapi/drinks.py
  - src/openapi/httpclient.py
  - src/openapi/models/__init__.py
  - src/openapi/models/createdrinkop.py
  - src/openapi/models/createuserop.py
  - src/openapi/models/deleteuserop.py
  - src/openapi/models/drink.py
  - src/openapi/models/getuserop.py
  - src/openapi/models/sdkerror.py
  - src/openapi/models/security.py
  - src/openapi/models/updateuserop.py
  - src/openapi/models/user.py
  - src/openapi/py.typed
  - src/openapi/sdk.py
  - src/openapi/sdkconfiguration.py
  - src/openapi/types/__init__.py
  - src/openapi/types/basemodel.py
  - src/openapi/users.py
  - src/openapi/utils/__init__.py
  - src/openapi/utils/annotations.py
  - src/openapi/utils/enums.py
  - src/openapi/utils/eventstreaming.py
  - src/openapi/utils/forms.py
  - src/openapi/utils/headers.py
  - src/openapi/utils/logger.py
  - src/openapi/utils/metadata.py
  - src/openapi/utils/queryparams.py
  - src/openapi/utils/requestbodies.py
  - src/openapi/utils/retries.py
  - src/openapi/utils/security.py
  - src/openapi/utils/serializers.py
  - src/openapi/utils/url.py
  - src/openapi/utils/values.py
examples:
  createUser:
    speakeasy-default-create-user:
      parameters:
        path:
          id: "90d8257b-5a84-4510-97c3-dabf1bfa361b"
      requestBody:
        application/json: {"id": "90d8257b-5a84-4510-97c3-dabf1bfa361b", "name": "John Doe", "address": {"street": "123 Main St", "city": "San Francisco", "state": "CA", "zip": "94107"}, "age": 30, "gender": "MALE"}
      responses:
        "200":
          application/json: {"json": {"id": "90d8257b-5a84-4510-97c3-dabf1bfa361b", "name": "John Doe", "address": {"street": "123 Main St", "city": "San Francisco", "state": "CA", "zip": "94107"}, "age": 30, "gender": "MALE"}}
  createDrink:
    speakeasy-default-create-drink:
      parameters:
        path:
          id: "<id>"
      requestBody:
        application/json: {"id": "<id>", "type": "Coffee", "price": "6384.24"}
      responses:
        "200":
          application/json: {"json": {"id": "<id>", "type": "Coffee", "price": "1343.65"}}
  getUser:
    speakeasy-default-get-user:
      parameters:
        path:
          id: "90d8257b-5a84-4510-97c3-dabf1bfa361b"
      responses:
        "200":
          application/json: {"id": "90d8257b-5a84-4510-97c3-dabf1bfa361b", "name": "John Doe", "address": {"street": "123 Main St", "city": "San Francisco", "state": "CA", "zip": "94107"}, "age": 30, "gender": "MALE"}
  updateUser:
    speakeasy-default-update-user:
      parameters:
        path:
          id: "90d8257b-5a84-4510-97c3-dabf1bfa361b"
      requestBody:
        application/json: {"id": "90d8257b-5a84-4510-97c3-dabf1bfa361b", "name": "John Doe", "address": {"street": "123 Main St", "city": "San Francisco", "state": "CA", "zip": "94107"}, "age": 30, "gender": "MALE"}
      responses:
        "200":
          application/json: {"id": "90d8257b-5a84-4510-97c3-dabf1bfa361b", "name": "John Doe", "address": {"street": "123 Main St", "city": "San Francisco", "state": "CA", "zip": "94107"}, "age": 30, "gender": "MALE"}
  deleteUser:
    speakeasy-default-delete-user:
      parameters:
        path:
          id: "90d8257b-5a84-4510-97c3-dabf1bfa361b"
generatedTests: {}
