lockVersion: 2.0.0
id: b2b2c7b3-00e1-4647-934c-04d2d0f199fd
management:
  docChecksum: 9993e34f57c282fc8cd75457a57d9244
  docVersion: 0.1.0
  speakeasyVersion: 1.369.1
  generationVersion: 2.399.0
  releaseVersion: 0.16.0
  configChecksum: b12134dadb27ccf686e7512a06b629cc
features:
  python:
    additionalDependencies: 1.0.0
    core: 5.3.8
    defaultEnabledRetries: 0.2.0
    envVarSecurityUsage: 0.3.1
    flattening: 3.0.0
    globalSecurity: 3.0.2
    globalSecurityCallbacks: 1.0.0
    globalSecurityFlattening: 1.0.0
    globalServerURLs: 3.0.0
    nameOverrides: 3.0.0
    responseFormat: 1.0.0
    retries: 3.0.0
    sdkHooks: 1.0.0
generatedFiles:
  - src/openapi/sdkconfiguration.py
  - src/openapi/users.py
  - src/openapi/drinks.py
  - src/openapi/sdk.py
  - .vscode/settings.json
  - poetry.toml
  - py.typed
  - pylintrc
  - pyproject.toml
  - scripts/compile.sh
  - scripts/prepare-readme.py
  - scripts/publish.sh
  - src/openapi/__init__.py
  - src/openapi/basesdk.py
  - src/openapi/httpclient.py
  - src/openapi/py.typed
  - src/openapi/types/__init__.py
  - src/openapi/types/basemodel.py
  - src/openapi/utils/__init__.py
  - src/openapi/utils/annotations.py
  - src/openapi/utils/enums.py
  - src/openapi/utils/eventstreaming.py
  - src/openapi/utils/forms.py
  - src/openapi/utils/headers.py
  - src/openapi/utils/logger.py
  - src/openapi/utils/metadata.py
  - src/openapi/utils/queryparams.py
  - src/openapi/utils/requestbodies.py
  - src/openapi/utils/retries.py
  - src/openapi/utils/security.py
  - src/openapi/utils/serializers.py
  - src/openapi/utils/url.py
  - src/openapi/utils/values.py
  - src/openapi/models/sdkerror.py
  - src/openapi/models/createuserop.py
  - src/openapi/models/user.py
  - src/openapi/models/createdrinkop.py
  - src/openapi/models/drink.py
  - src/openapi/models/security.py
  - src/openapi/models/__init__.py
  - docs/models/createuserrequest.md
  - docs/models/createuserresponsebody.md
  - docs/models/address.md
  - docs/models/gender.md
  - docs/models/user.md
  - docs/models/createdrinkrequest.md
  - docs/models/createdrinkresponsebody.md
  - docs/models/type.md
  - docs/models/drink.md
  - docs/models/security.md
  - docs/sdks/sdk/README.md
  - docs/models/utils/retryconfig.md
  - docs/sdks/users/README.md
  - docs/sdks/drinks/README.md
  - USAGE.md
  - .gitattributes
  - src/openapi/_hooks/sdkhooks.py
  - src/openapi/_hooks/types.py
  - src/openapi/_hooks/__init__.py
  - CONTRIBUTING.md
