speakeasyVersion: 1.408.0
sources:
    openapi:
        sourceNamespace: openapi
        sourceRevisionDigest: sha256:45414ba942005f7162aebcc07cb723bbb35b5fb1573abdfe74f61648de6f7e67
        sourceBlobDigest: sha256:b441cbd1d31793b4f06bba3af1102f95474fdc973c406197d78b3aa430b5f37d
        tags:
            - latest
    testgendemo:
        sourceNamespace: testgendemo
        sourceRevisionDigest: sha256:cf0185663cd28ef1501f028f71cef84dc35dd3b828c37f9a1d405858a349e2ab
        sourceBlobDigest: sha256:089112f17f2feff306177e49d3c8519ddfa3587456f82a6cfa82609cf86c8ba4
        tags:
            - latest
targets:
    python:
        source: testgendemo
        sourceNamespace: testgendemo
        sourceRevisionDigest: sha256:cf0185663cd28ef1501f028f71cef84dc35dd3b828c37f9a1d405858a349e2ab
        sourceBlobDigest: sha256:089112f17f2feff306177e49d3c8519ddfa3587456f82a6cfa82609cf86c8ba4
workflow:
    workflowVersion: 1.0.0
    speakeasyVersion: latest
    sources:
        testgendemo:
            inputs:
                - location: ../openapi.yaml
            registry:
                location: registry.speakeasyapi.dev/speakeasy-self/speakeasy-self/testgendemo
    targets:
        python:
            target: python
            source: testgendemo
            output: .
